// !$*UTF8*$!
{
	archiveVersion = 1;
	classes = {
	};
	objectVersion = 46;
	objects = {

/* Begin PBXBuildFile section */
		3F22E9E51CBC68B500F6FA3B /* AppDelegate.swift in Sources */ = {isa = PBXBuildFile; fileRef = 3F22E9E41CBC68B500F6FA3B /* AppDelegate.swift */; };
		3F22E9E71CBC68B500F6FA3B /* ViewController.swift in Sources */ = {isa = PBXBuildFile; fileRef = 3F22E9E61CBC68B500F6FA3B /* ViewController.swift */; };
		3F22E9EA1CBC68B500F6FA3B /* Main.storyboard in Resources */ = {isa = PBXBuildFile; fileRef = 3F22E9E81CBC68B500F6FA3B /* Main.storyboard */; };
		3F22E9EC1CBC68B500F6FA3B /* Assets.xcassets in Resources */ = {isa = PBXBuildFile; fileRef = 3F22E9EB1CBC68B500F6FA3B /* Assets.xcassets */; };
		3F22E9EF1CBC68B500F6FA3B /* LaunchScreen.storyboard in Resources */ = {isa = PBXBuildFile; fileRef = 3F22E9ED1CBC68B500F6FA3B /* LaunchScreen.storyboard */; };
/* End PBXBuildFile section */

/* Begin PBXFileReference section */
		3F22E9E11CBC68B500F6FA3B /* PWgit.app */ = {isa = PBXFileReference; explicitFileType = wrapper.application; includeInIndex = 0; path = PWgit.app; sourceTree = BUILT_PRODUCTS_DIR; };
		3F22E9E41CBC68B500F6FA3B /* AppDelegate.swift */ = {isa = PBXFileReference; lastKnownFileType = sourcecode.swift; path = AppDelegate.swift; sourceTree = "<group>"; };
		3F22E9E61CBC68B500F6FA3B /* ViewController.swift */ = {isa = PBXFileReference; lastKnownFileType = sourcecode.swift; path = ViewController.swift; sourceTree = "<group>"; };
		3F22E9E91CBC68B500F6FA3B /* Base */ = {isa = PBXFileReference; lastKnownFileType = file.storyboard; name = Base; path = Base.lproj/Main.storyboard; sourceTree = "<group>"; };
		3F22E9EB1CBC68B500F6FA3B /* Assets.xcassets */ = {isa = PBXFileReference; lastKnownFileType = folder.assetcatalog; path = Assets.xcassets; sourceTree = "<group>"; };
		3F22E9EE1CBC68B500F6FA3B /* Base */ = {isa = PBXFileReference; lastKnownFileType = file.storyboard; name = Base; path = Base.lproj/LaunchScreen.storyboard; sourceTree = "<group>"; };
		3F22E9F01CBC68B500F6FA3B /* Info.plist */ = {isa = PBXFileReference; lastKnownFileType = text.plist.xml; path = Info.plist; sourceTree = "<group>"; };
/* End PBXFileReference section */

/* Begin PBXFrameworksBuildPhase section */
		3F22E9DE1CBC68B500F6FA3B /* Frameworks */ = {
			isa = PBXFrameworksBuildPhase;
			buildActionMask = 2147483647;
			files = (
			);
			runOnlyForDeploymentPostprocessing = 0;
		};
/* End PBXFrameworksBuildPhase section */

/* Begin PBXGroup section */
		3F22E9D81CBC68B400F6FA3B = {
			isa = PBXGroup;
			children = (
				3F22E9E31CBC68B500F6FA3B /* PWgit */,
				3F22E9E21CBC68B500F6FA3B /* Products */,
			);
			sourceTree = "<group>";
		};
		3F22E9E21CBC68B500F6FA3B /* Products */ = {
			isa = PBXGroup;
			children = (
				3F22E9E11CBC68B500F6FA3B /* PWgit.app */,
			);
			name = Products;
			sourceTree = "<group>";
		};
		3F22E9E31CBC68B500F6FA3B /* PWgit */ = {
			isa = PBXGroup;
			children = (
				3F22E9E41CBC68B500F6FA3B /* AppDelegate.swift */,
				3F22E9E61CBC68B500F6FA3B /* ViewController.swift */,
				3F22E9E81CBC68B500F6FA3B /* Main.storyboard */,
				3F22E9EB1CBC68B500F6FA3B /* Assets.xcassets */,
				3F22E9ED1CBC68B500F6FA3B /* LaunchScreen.storyboard */,
				3F22E9F01CBC68B500F6FA3B /* Info.plist */,
			);
			path = PWgit;
			sourceTree = "<group>";
		};
/* End PBXGroup section */

/* Begin PBXNativeTarget section */
		3F22E9E01CBC68B500F6FA3B /* PWgit */ = {
			isa = PBXNativeTarget;
			buildConfigurationList = 3F22E9F31CBC68B500F6FA3B /* Build configuration list for PBXNativeTarget "PWgit" */;
			buildPhases = (
				3F22E9DD1CBC68B500F6FA3B /* Sources */,
				3F22E9DE1CBC68B500F6FA3B /* Frameworks */,
				3F22E9DF1CBC68B500F6FA3B /* Resources */,
			);
			buildRules = (
			);
			dependencies = (
			);
			name = PWgit;
			productName = PWgit;
			productReference = 3F22E9E11CBC68B500F6FA3B /* PWgit.app */;
			productType = "com.apple.product-type.application";
		};
/* End PBXNativeTarget section */

/* Begin PBXProject section */
		3F22E9D91CBC68B400F6FA3B /* Project object */ = {
			isa = PBXProject;
			attributes = {
				LastSwiftUpdateCheck = 0730;
				LastUpgradeCheck = 0730;
				ORGANIZATIONNAME = Paveway;
				TargetAttributes = {
					3F22E9E01CBC68B500F6FA3B = {
						CreatedOnToolsVersion = 7.3;
					};
				};
			};
			buildConfigurationList = 3F22E9DC1CBC68B400F6FA3B /* Build configuration list for PBXProject "PWgit" */;
			compatibilityVersion = "Xcode 3.2";
			developmentRegion = English;
			hasScannedForEncodings = 0;
			knownRegions = (
				en,
				Base,
			);
			mainGroup = 3F22E9D81CBC68B400F6FA3B;
			productRefGroup = 3F22E9E21CBC68B500F6FA3B /* Products */;
			projectDirPath = "";
			projectRoot = "";
			targets = (
				3F22E9E01CBC68B500F6FA3B /* PWgit */,
			);
		};
/* End PBXProject section */

/* Begin PBXResourcesBuildPhase section */
		3F22E9DF1CBC68B500F6FA3B /* Resources */ = {
			isa = PBXResourcesBuildPhase;
			buildActionMask = 2147483647;
			files = (
				3F22E9EF1CBC68B500F6FA3B /* LaunchScreen.storyboard in Resources */,
				3F22E9EC1CBC68B500F6FA3B /* Assets.xcassets in Resources */,
				3F22E9EA1CBC68B500F6FA3B /* Main.storyboard in Resources */,
			);
			runOnlyForDeploymentPostprocessing = 0;
		};
/* End PBXResourcesBuildPhase section */

/* Begin PBXSourcesBuildPhase section */
		3F22E9DD1CBC68B500F6FA3B /* Sources */ = {
			isa = PBXSourcesBuildPhase;
			buildActionMask = 2147483647;
			files = (
				3F22E9E71CBC68B500F6FA3B /* ViewController.swift in Sources */,
				3F22E9E51CBC68B500F6FA3B /* AppDelegate.swift in Sources */,
			);
			runOnlyForDeploymentPostprocessing = 0;
		};
/* End PBXSourcesBuildPhase section */

/* Begin PBXVariantGroup section */
		3F22E9E81CBC68B500F6FA3B /* Main.storyboard */ = {
			isa = PBXVariantGroup;
			children = (
				3F22E9E91CBC68B500F6FA3B /* Base */,
			);
			name = Main.storyboard;
			sourceTree = "<group>";
		};
		3F22E9ED1CBC68B500F6FA3B /* LaunchScreen.storyboard */ = {
			isa = PBXVariantGroup;
			children = (
				3F22E9EE1CBC68B500F6FA3B /* Base */,
			);
			name = LaunchScreen.storyboard;
			sourceTree = "<group>";
		};
/* End PBXVariantGroup section */

/* Begin XCBuildConfiguration section */
		3F22E9F11CBC68B500F6FA3B /* Debug */ = {
			isa = XCBuildConfiguration;
			buildSettings = {
				ALWAYS_SEARCH_USER_PATHS = NO;
				CLANG_ANALYZER_NONNULL = YES;
				CLANG_CXX_LANGUAGE_STANDARD = "gnu++0x";
				CLANG_CXX_LIBRARY = "libc++";
				CLANG_ENABLE_MODULES = YES;
				CLANG_ENABLE_OBJC_ARC = YES;
				CLANG_WARN_BOOL_CONVERSION = YES;
				CLANG_WARN_CONSTANT_CONVERSION = YES;
				CLANG_WARN_DIRECT_OBJC_ISA_USAGE = YES_ERROR;
				CLANG_WARN_EMPTY_BODY = YES;
				CLANG_WARN_ENUM_CONVERSION = YES;
				CLANG_WARN_INT_CONVERSION = YES;
				CLANG_WARN_OBJC_ROOT_CLASS = YES_ERROR;
				CLANG_WARN_UNREACHABLE_CODE = YES;
				CLANG_WARN__DUPLICATE_METHOD_MATCH = YES;
				"CODE_SIGN_IDENTITY[sdk=iphoneos*]" = "iPhone Developer";
				COPY_PHASE_STRIP = NO;
				DEBUG_INFORMATION_FORMAT = dwarf;
				ENABLE_STRICT_OBJC_MSGSEND = YES;
				ENABLE_TESTABILITY = YES;
				GCC_C_LANGUAGE_STANDARD = gnu99;
				GCC_DYNAMIC_NO_PIC = NO;
				GCC_NO_COMMON_BLOCKS = YES;
				GCC_OPTIMIZATION_LEVEL = 0;
				GCC_PREPROCESSOR_DEFINITIONS = (
					"DEBUG=1",
					"$(inherited)",
				);
				GCC_WARN_64_TO_32_BIT_CONVERSION = YES;
				GCC_WARN_ABOUT_RETURN_TYPE = YES_ERROR;
				GCC_WARN_UNDECLARED_SELECTOR = YES;
				GCC_WARN_UNINITIALIZED_AUTOS = YES_AGGRESSIVE;
				GCC_WARN_UNUSED_FUNCTION = YES;
				GCC_WARN_UNUSED_VARIABLE = YES;
				IPHONEOS_DEPLOYMENT_TARGET = 9.3;
				MTL_ENABLE_DEBUG_INFO = YES;
				ONLY_ACTIVE_ARCH = YES;
				SDKROOT = iphoneos;
				SWIFT_OPTIMIZATION_LEVEL = "-Onone";
				TARGETED_DEVICE_FAMILY = "1,2";
			};
			name = Debug;
		};
		3F22E9F21CBC68B500F6FA3B /* Release */ = {
			isa = XCBuildConfiguration;
			buildSettings = {
				ALWAYS_SEARCH_USER_PATHS = NO;
				CLANG_ANALYZER_NONNULL = YES;
				CLANG_CXX_LANGUAGE_STANDARD = "gnu++0x";
				CLANG_CXX_LIBRARY = "libc++";
				CLANG_ENABLE_MODULES = YES;
				CLANG_ENABLE_OBJC_ARC = YES;
				CLANG_WARN_BOOL_CONVERSION = YES;
				CLANG_WARN_CONSTANT_CONVERSION = YES;
				CLANG_WARN_DIRECT_OBJC_ISA_USAGE = YES_ERROR;
				CLANG_WARN_EMPTY_BODY = YES;
				CLANG_WARN_ENUM_CONVERSION = YES;
				CLANG_WARN_INT_CONVERSION = YES;
				CLANG_WARN_OBJC_ROOT_CLASS = YES_ERROR;
				CLANG_WARN_UNREACHABLE_CODE = YES;
				CLANG_WARN__DUPLICATE_METHOD_MATCH = YES;
				"CODE_SIGN_IDENTITY[sdk=iphoneos*]" = "iPhone Developer";
				COPY_PHASE_STRIP = NO;
				DEBUG_INFORMATION_FORMAT = "dwarf-with-dsym";
				ENABLE_NS_ASSERTIONS = NO;
				ENABLE_STRICT_OBJC_MSGSEND = YES;
				GCC_C_LANGUAGE_STANDARD = gnu99;
				GCC_NO_COMMON_BLOCKS = YES;
				GCC_WARN_64_TO_32_BIT_CONVERSION = YES;
				GCC_WARN_ABOUT_RETURN_TYPE = YES_ERROR;
				GCC_WARN_UNDECLARED_SELECTOR = YES;
				GCC_WARN_UNINITIALIZED_AUTOS = YES_AGGRESSIVE;
				GCC_WARN_UNUSED_FUNCTION = YES;
				GCC_WARN_UNUSED_VARIABLE = YES;
				IPHONEOS_DEPLOYMENT_TARGET = 9.3;
				MTL_ENABLE_DEBUG_INFO = NO;
				SDKROOT = iphoneos;
				TARGETED_DEVICE_FAMILY = "1,2";
				VALIDATE_PRODUCT = YES;
			};
			name = Release;
		};
		3F22E9F41CBC68B500F6FA3B /* Debug */ = {
			isa = XCBuildConfiguration;
			buildSettings = {
				ASSETCATALOG_COMPILER_APPICON_NAME = AppIcon;
				INFOPLIST_FILE = PWgit/Info.plist;
				LD_RUNPATH_SEARCH_PATHS = "$(inherited) @executable_path/Frameworks";
				PRODUCT_BUNDLE_IDENTIFIER = info.paveway.PWgit;
				PRODUCT_NAME = "$(TARGET_NAME)";
			};
			name = Debug;
		};
		3F22E9F51CBC68B500F6FA3B /* Release */ = {
			isa = XCBuildConfiguration;
			buildSettings = {
				ASSETCATALOG_COMPILER_APPICON_NAME = AppIcon;
				INFOPLIST_FILE = PWgit/Info.plist;
				LD_RUNPATH_SEARCH_PATHS = "$(inherited) @executable_path/Frameworks";
				PRODUCT_BUNDLE_IDENTIFIER = info.paveway.PWgit;
				PRODUCT_NAME = "$(TARGET_NAME)";
			};
			name = Release;
		};
/* End XCBuildConfiguration section */

/* Begin XCConfigurationList section */
		3F22E9DC1CBC68B400F6FA3B /* Build configuration list for PBXProject "PWgit" */ = {
			isa = XCConfigurationList;
			buildConfigurations = (
				3F22E9F11CBC68B500F6FA3B /* Debug */,
				3F22E9F21CBC68B500F6FA3B /* Release */,
			);
			defaultConfigurationIsVisible = 0;
			defaultConfigurationName = Release;
		};
		3F22E9F31CBC68B500F6FA3B /* Build configuration list for PBXNativeTarget "PWgit" */ = {
			isa = XCConfigurationList;
			buildConfigurations = (
				3F22E9F41CBC68B500F6FA3B /* Debug */,
				3F22E9F51CBC68B500F6FA3B /* Release */,
			);
			defaultConfigurationIsVisible = 0;
		};
/* End XCConfigurationList section */
	};
	rootObject = 3F22E9D91CBC68B400F6FA3B /* Project object */;
}
